
Microsoft Visual Studio Solution File, Format Version 12.00
# Visual Studio 15
VisualStudioVersion = 15.0.27004.2002
MinimumVisualStudioVersion = 10.0.40219.1
Project("{FAE04EC0-301F-11D3-BF4B-00C04F79EFBC}") = "IsBanken.ConsoleApp", "IsBanken.ConsoleApp\IsBanken.ConsoleApp.csproj", "{82523596-9DB8-4D09-89A9-DEF5D5B926F2}"
EndProject
Project("{FAE04EC0-301F-11D3-BF4B-00C04F79EFBC}") = "IsBanken.Tests", "IsBanken.Tests\IsBanken.Tests.csproj", "{D1F202B9-51B1-4F3D-838A-8D30ACBEFA51}"
EndProject
Project("{FAE04EC0-301F-11D3-BF4B-00C04F79EFBC}") = "IsBanken.Buisness", "IsBanken.Buisness\IsBanken.Buisness.csproj", "{07067B8F-160D-4077-99C3-345F6885964F}"
EndProject
Global
	GlobalSection(SolutionConfigurationPlatforms) = preSolution
		Debug|Any CPU = Debug|Any CPU
		Release|Any CPU = Release|Any CPU
	EndGlobalSection
	GlobalSection(ProjectConfigurationPlatforms) = postSolution
		{82523596-9DB8-4D09-89A9-DEF5D5B926F2}.Debug|Any CPU.ActiveCfg = Debug|Any CPU
		{82523596-9DB8-4D09-89A9-DEF5D5B926F2}.Debug|Any CPU.Build.0 = Debug|Any CPU
		{82523596-9DB8-4D09-89A9-DEF5D5B926F2}.Release|Any CPU.ActiveCfg = Release|Any CPU
		{82523596-9DB8-4D09-89A9-DEF5D5B926F2}.Release|Any CPU.Build.0 = Release|Any CPU
		{D1F202B9-51B1-4F3D-838A-8D30ACBEFA51}.Debug|Any CPU.ActiveCfg = Debug|Any CPU
		{D1F202B9-51B1-4F3D-838A-8D30ACBEFA51}.Debug|Any CPU.Build.0 = Debug|Any CPU
		{D1F202B9-51B1-4F3D-838A-8D30ACBEFA51}.Release|Any CPU.ActiveCfg = Release|Any CPU
		{D1F202B9-51B1-4F3D-838A-8D30ACBEFA51}.Release|Any CPU.Build.0 = Release|Any CPU
		{07067B8F-160D-4077-99C3-345F6885964F}.Debug|Any CPU.ActiveCfg = Debug|Any CPU
		{07067B8F-160D-4077-99C3-345F6885964F}.Debug|Any CPU.Build.0 = Debug|Any CPU
		{07067B8F-160D-4077-99C3-345F6885964F}.Release|Any CPU.ActiveCfg = Release|Any CPU
		{07067B8F-160D-4077-99C3-345F6885964F}.Release|Any CPU.Build.0 = Release|Any CPU
	EndGlobalSection
	GlobalSection(SolutionProperties) = preSolution
		HideSolutionNode = FALSE
	EndGlobalSection
	GlobalSection(ExtensibilityGlobals) = postSolution
		SolutionGuid = {B6538656-32CE-49DE-8DE0-B52C7638B75D}
	EndGlobalSection
EndGlobal
